{
  "lockfileVersion": 1,
  "configVersion": 1,
  "workspaces": {
    "": {
      "name": "ioshiro",
      "devDependencies": {
        "liquidjs": "^10.30.0",
      },
    },
  },
  "packages": {
    "commander": ["commander@10.0.1", "", {}, "sha512-y4Mg2tXshplEbSGzx7amzPwKKOCGuoSRP/CjEdwwk0FOGlUbq6lKuoyDZTNZkmxHdJtp54hdfY/JUrdL7Xfdug=="],

    "liquidjs": ["liquidjs@10.30.0", "", { "dependencies": { "commander": "^10.0.0" }, "bin": { "liquid": "bin/liquid.js", "liquidjs": "bin/liquid.js" } }, "sha512-Fw4wA+8CZsJkaeLEIlPE3AoponfjEZhj7FQvYNcAEcg7jNRik7mEMoaco382FBdrYlykVf6w4vClPNctz2OYjg=="],
  }
}
